
Microsoft Visual Studio Solution File, Format Version 12.00
# Visual Studio 15
VisualStudioVersion = 15.0.28307.1525
MinimumVisualStudioVersion = 10.0.40219.1
Project("{8BC9CEB8-8B4A-11D0-8D11-00A0C91BC942}") = "sscanf强化", "sscanf强化.vcxproj", "{9BB60960-9713-4A7D-8E93-0EAF94670039}"
EndProject
Global
	GlobalSection(SolutionConfigurationPlatforms) = preSolution
		Debug|x64 = Debug|x64
		Debug|x86 = Debug|x86
		Release|x64 = Release|x64
		Release|x86 = Release|x86
	EndGlobalSection
	GlobalSection(ProjectConfigurationPlatforms) = postSolution
		{9BB60960-9713-4A7D-8E93-0EAF94670039}.Debug|x64.ActiveCfg = Debug|x64
		{9BB60960-9713-4A7D-8E93-0EAF94670039}.Debug|x64.Build.0 = Debug|x64
		{9BB60960-9713-4A7D-8E93-0EAF94670039}.Debug|x86.ActiveCfg = Debug|Win32
		{9BB60960-9713-4A7D-8E93-0EAF94670039}.Debug|x86.Build.0 = Debug|Win32
		{9BB60960-9713-4A7D-8E93-0EAF94670039}.Release|x64.ActiveCfg = Release|x64
		{9BB60960-9713-4A7D-8E93-0EAF94670039}.Release|x64.Build.0 = Release|x64
		{9BB60960-9713-4A7D-8E93-0EAF94670039}.Release|x86.ActiveCfg = Release|Win32
		{9BB60960-9713-4A7D-8E93-0EAF94670039}.Release|x86.Build.0 = Release|Win32
	EndGlobalSection
	GlobalSection(SolutionProperties) = preSolution
		HideSolutionNode = FALSE
	EndGlobalSection
	GlobalSection(ExtensibilityGlobals) = postSolution
		SolutionGuid = {59748A01-CAC7-429A-9774-5194F84EDCBD}
	EndGlobalSection
EndGlobal
