
Microsoft Visual Studio Solution File, Format Version 12.00
# Visual Studio 15
VisualStudioVersion = 15.0.28307.1525
MinimumVisualStudioVersion = 10.0.40219.1
Project("{8BC9CEB8-8B4A-11D0-8D11-00A0C91BC942}") = "scanf初识", "scanf初识.vcxproj", "{14358A13-83BB-4DC8-8611-1490B4FE11E1}"
EndProject
Global
	GlobalSection(SolutionConfigurationPlatforms) = preSolution
		Debug|x64 = Debug|x64
		Debug|x86 = Debug|x86
		Release|x64 = Release|x64
		Release|x86 = Release|x86
	EndGlobalSection
	GlobalSection(ProjectConfigurationPlatforms) = postSolution
		{14358A13-83BB-4DC8-8611-1490B4FE11E1}.Debug|x64.ActiveCfg = Debug|x64
		{14358A13-83BB-4DC8-8611-1490B4FE11E1}.Debug|x64.Build.0 = Debug|x64
		{14358A13-83BB-4DC8-8611-1490B4FE11E1}.Debug|x86.ActiveCfg = Debug|Win32
		{14358A13-83BB-4DC8-8611-1490B4FE11E1}.Debug|x86.Build.0 = Debug|Win32
		{14358A13-83BB-4DC8-8611-1490B4FE11E1}.Release|x64.ActiveCfg = Release|x64
		{14358A13-83BB-4DC8-8611-1490B4FE11E1}.Release|x64.Build.0 = Release|x64
		{14358A13-83BB-4DC8-8611-1490B4FE11E1}.Release|x86.ActiveCfg = Release|Win32
		{14358A13-83BB-4DC8-8611-1490B4FE11E1}.Release|x86.Build.0 = Release|Win32
	EndGlobalSection
	GlobalSection(SolutionProperties) = preSolution
		HideSolutionNode = FALSE
	EndGlobalSection
	GlobalSection(ExtensibilityGlobals) = postSolution
		SolutionGuid = {D9BEDC00-9DFD-48F2-BBCB-994F18249693}
	EndGlobalSection
EndGlobal
