
Microsoft Visual Studio Solution File, Format Version 12.00
# Visual Studio 15
VisualStudioVersion = 15.0.28307.1525
MinimumVisualStudioVersion = 10.0.40219.1
Project("{8BC9CEB8-8B4A-11D0-8D11-00A0C91BC942}") = "条件运算符", "条件运算符.vcxproj", "{D23F07B8-665B-43A2-BC46-E39EDD6F3895}"
EndProject
Global
	GlobalSection(SolutionConfigurationPlatforms) = preSolution
		Debug|x64 = Debug|x64
		Debug|x86 = Debug|x86
		Release|x64 = Release|x64
		Release|x86 = Release|x86
	EndGlobalSection
	GlobalSection(ProjectConfigurationPlatforms) = postSolution
		{D23F07B8-665B-43A2-BC46-E39EDD6F3895}.Debug|x64.ActiveCfg = Debug|x64
		{D23F07B8-665B-43A2-BC46-E39EDD6F3895}.Debug|x64.Build.0 = Debug|x64
		{D23F07B8-665B-43A2-BC46-E39EDD6F3895}.Debug|x86.ActiveCfg = Debug|Win32
		{D23F07B8-665B-43A2-BC46-E39EDD6F3895}.Debug|x86.Build.0 = Debug|Win32
		{D23F07B8-665B-43A2-BC46-E39EDD6F3895}.Release|x64.ActiveCfg = Release|x64
		{D23F07B8-665B-43A2-BC46-E39EDD6F3895}.Release|x64.Build.0 = Release|x64
		{D23F07B8-665B-43A2-BC46-E39EDD6F3895}.Release|x86.ActiveCfg = Release|Win32
		{D23F07B8-665B-43A2-BC46-E39EDD6F3895}.Release|x86.Build.0 = Release|Win32
	EndGlobalSection
	GlobalSection(SolutionProperties) = preSolution
		HideSolutionNode = FALSE
	EndGlobalSection
	GlobalSection(ExtensibilityGlobals) = postSolution
		SolutionGuid = {E844A28D-B591-47D9-9243-095B47018951}
	EndGlobalSection
EndGlobal
