
Microsoft Visual Studio Solution File, Format Version 12.00
# Visual Studio 15
VisualStudioVersion = 15.0.28307.1525
MinimumVisualStudioVersion = 10.0.40219.1
Project("{8BC9CEB8-8B4A-11D0-8D11-00A0C91BC942}") = "cpu内存原理", "cpu内存原理.vcxproj", "{698BA400-4AD5-42E4-9BA6-FA534F6BC290}"
EndProject
Global
	GlobalSection(SolutionConfigurationPlatforms) = preSolution
		Debug|x64 = Debug|x64
		Debug|x86 = Debug|x86
		Release|x64 = Release|x64
		Release|x86 = Release|x86
	EndGlobalSection
	GlobalSection(ProjectConfigurationPlatforms) = postSolution
		{698BA400-4AD5-42E4-9BA6-FA534F6BC290}.Debug|x64.ActiveCfg = Debug|x64
		{698BA400-4AD5-42E4-9BA6-FA534F6BC290}.Debug|x64.Build.0 = Debug|x64
		{698BA400-4AD5-42E4-9BA6-FA534F6BC290}.Debug|x86.ActiveCfg = Debug|Win32
		{698BA400-4AD5-42E4-9BA6-FA534F6BC290}.Debug|x86.Build.0 = Debug|Win32
		{698BA400-4AD5-42E4-9BA6-FA534F6BC290}.Release|x64.ActiveCfg = Release|x64
		{698BA400-4AD5-42E4-9BA6-FA534F6BC290}.Release|x64.Build.0 = Release|x64
		{698BA400-4AD5-42E4-9BA6-FA534F6BC290}.Release|x86.ActiveCfg = Release|Win32
		{698BA400-4AD5-42E4-9BA6-FA534F6BC290}.Release|x86.Build.0 = Release|Win32
	EndGlobalSection
	GlobalSection(SolutionProperties) = preSolution
		HideSolutionNode = FALSE
	EndGlobalSection
	GlobalSection(ExtensibilityGlobals) = postSolution
		SolutionGuid = {962B1F86-7EBC-4A26-94BA-228380A6F83D}
	EndGlobalSection
EndGlobal
