
Microsoft Visual Studio Solution File, Format Version 12.00
# Visual Studio 15
VisualStudioVersion = 15.0.28307.1525
MinimumVisualStudioVersion = 10.0.40219.1
Project("{8BC9CEB8-8B4A-11D0-8D11-00A0C91BC942}") = "标识符的声明", "标识符的声明.vcxproj", "{76E71EFC-E877-402A-BA2C-E59E8DD2E253}"
EndProject
Global
	GlobalSection(SolutionConfigurationPlatforms) = preSolution
		Debug|x64 = Debug|x64
		Debug|x86 = Debug|x86
		Release|x64 = Release|x64
		Release|x86 = Release|x86
	EndGlobalSection
	GlobalSection(ProjectConfigurationPlatforms) = postSolution
		{76E71EFC-E877-402A-BA2C-E59E8DD2E253}.Debug|x64.ActiveCfg = Debug|x64
		{76E71EFC-E877-402A-BA2C-E59E8DD2E253}.Debug|x64.Build.0 = Debug|x64
		{76E71EFC-E877-402A-BA2C-E59E8DD2E253}.Debug|x86.ActiveCfg = Debug|Win32
		{76E71EFC-E877-402A-BA2C-E59E8DD2E253}.Debug|x86.Build.0 = Debug|Win32
		{76E71EFC-E877-402A-BA2C-E59E8DD2E253}.Release|x64.ActiveCfg = Release|x64
		{76E71EFC-E877-402A-BA2C-E59E8DD2E253}.Release|x64.Build.0 = Release|x64
		{76E71EFC-E877-402A-BA2C-E59E8DD2E253}.Release|x86.ActiveCfg = Release|Win32
		{76E71EFC-E877-402A-BA2C-E59E8DD2E253}.Release|x86.Build.0 = Release|Win32
	EndGlobalSection
	GlobalSection(SolutionProperties) = preSolution
		HideSolutionNode = FALSE
	EndGlobalSection
	GlobalSection(ExtensibilityGlobals) = postSolution
		SolutionGuid = {82A37E5D-9EF3-4716-A440-A3F137595B2E}
	EndGlobalSection
EndGlobal
