
Microsoft Visual Studio Solution File, Format Version 12.00
# Visual Studio 15
VisualStudioVersion = 15.0.28307.1525
MinimumVisualStudioVersion = 10.0.40219.1
Project("{8BC9CEB8-8B4A-11D0-8D11-00A0C91BC942}") = "dowhile", "dowhile.vcxproj", "{ACE81398-F9D5-4EBB-B273-F74F3DF43399}"
EndProject
Global
	GlobalSection(SolutionConfigurationPlatforms) = preSolution
		Debug|x64 = Debug|x64
		Debug|x86 = Debug|x86
		Release|x64 = Release|x64
		Release|x86 = Release|x86
	EndGlobalSection
	GlobalSection(ProjectConfigurationPlatforms) = postSolution
		{ACE81398-F9D5-4EBB-B273-F74F3DF43399}.Debug|x64.ActiveCfg = Debug|x64
		{ACE81398-F9D5-4EBB-B273-F74F3DF43399}.Debug|x64.Build.0 = Debug|x64
		{ACE81398-F9D5-4EBB-B273-F74F3DF43399}.Debug|x86.ActiveCfg = Debug|Win32
		{ACE81398-F9D5-4EBB-B273-F74F3DF43399}.Debug|x86.Build.0 = Debug|Win32
		{ACE81398-F9D5-4EBB-B273-F74F3DF43399}.Release|x64.ActiveCfg = Release|x64
		{ACE81398-F9D5-4EBB-B273-F74F3DF43399}.Release|x64.Build.0 = Release|x64
		{ACE81398-F9D5-4EBB-B273-F74F3DF43399}.Release|x86.ActiveCfg = Release|Win32
		{ACE81398-F9D5-4EBB-B273-F74F3DF43399}.Release|x86.Build.0 = Release|Win32
	EndGlobalSection
	GlobalSection(SolutionProperties) = preSolution
		HideSolutionNode = FALSE
	EndGlobalSection
	GlobalSection(ExtensibilityGlobals) = postSolution
		SolutionGuid = {68B52928-6F14-42EC-8D6F-209960A9F5EC}
	EndGlobalSection
EndGlobal
